// !$*UTF8*$!
{
	archiveVersion = 1;
	classes = {
	};
	objectVersion = 56;
	objects = {

/* Begin PBXBuildFile section */
		0F11A01A2A76478000CBE0CB /* CropView.swift in Sources */ = {isa = PBXBuildFile; fileRef = 0F11A0192A76478000CBE0CB /* CropView.swift */; };
		0F127EE12A59F003000E681B /* DefineNames.swift in Sources */ = {isa = PBXBuildFile; fileRef = 0F127EE02A59F003000E681B /* DefineNames.swift */; };
		0F20C2B32A50399C009026D6 /* Login.swift in Sources */ = {isa = PBXBuildFile; fileRef = 0F20C2B22A50399C009026D6 /* Login.swift */; };
		0F20C2B52A5039A5009026D6 /* Register.swift in Sources */ = {isa = PBXBuildFile; fileRef = 0F20C2B42A5039A5009026D6 /* Register.swift */; };
		0F20C2B72A5039F0009026D6 /* EntryView.swift in Sources */ = {isa = PBXBuildFile; fileRef = 0F20C2B62A5039F0009026D6 /* EntryView.swift */; };
		0F20C2B92A50944F009026D6 /* GenderProgress.swift in Sources */ = {isa = PBXBuildFile; fileRef = 0F20C2B82A50944F009026D6 /* GenderProgress.swift */; };
		0F20C2BB2A50D76D009026D6 /* Home.swift in Sources */ = {isa = PBXBuildFile; fileRef = 0F20C2BA2A50D76D009026D6 /* Home.swift */; };
		0F49BF692A4F1062005EF07F /* GenderApp.swift in Sources */ = {isa = PBXBuildFile; fileRef = 0F49BF682A4F1062005EF07F /* GenderApp.swift */; };
		0F49BF6B2A4F1062005EF07F /* ContentView.swift in Sources */ = {isa = PBXBuildFile; fileRef = 0F49BF6A2A4F1062005EF07F /* ContentView.swift */; };
		0F49BF6D2A4F1063005EF07F /* Assets.xcassets in Resources */ = {isa = PBXBuildFile; fileRef = 0F49BF6C2A4F1063005EF07F /* Assets.xcassets */; };
		0F49BF702A4F1063005EF07F /* Preview Assets.xcassets in Resources */ = {isa = PBXBuildFile; fileRef = 0F49BF6F2A4F1063005EF07F /* Preview Assets.xcassets */; };
		0F49BF782A4F1098005EF07F /* HomeView.swift in Sources */ = {isa = PBXBuildFile; fileRef = 0F49BF772A4F1098005EF07F /* HomeView.swift */; };
		0F49BF7E2A4F10FB005EF07F /* GenderUser.swift in Sources */ = {isa = PBXBuildFile; fileRef = 0F49BF7D2A4F10FB005EF07F /* GenderUser.swift */; };
		0F49BF812A4F1521005EF07F /* HomeViewModel.swift in Sources */ = {isa = PBXBuildFile; fileRef = 0F49BF802A4F1521005EF07F /* HomeViewModel.swift */; };
		0F49BF942A4F179A005EF07F /* HomeViewModelTests.swift in Sources */ = {isa = PBXBuildFile; fileRef = 0F49BF932A4F179A005EF07F /* HomeViewModelTests.swift */; };
		0F49BFA42A4F1F64005EF07F /* FirebaseAuth in Frameworks */ = {isa = PBXBuildFile; productRef = 0F49BFA32A4F1F64005EF07F /* FirebaseAuth */; };
		0F49BFA62A4F1F64005EF07F /* FirebaseFirestore in Frameworks */ = {isa = PBXBuildFile; productRef = 0F49BFA52A4F1F64005EF07F /* FirebaseFirestore */; };
		0F49BFA82A4F1F64005EF07F /* FirebaseStorage in Frameworks */ = {isa = PBXBuildFile; productRef = 0F49BFA72A4F1F64005EF07F /* FirebaseStorage */; };
		0F49BFAA2A4F2402005EF07F /* UserData.swift in Sources */ = {isa = PBXBuildFile; fileRef = 0F49BFA92A4F2402005EF07F /* UserData.swift */; };
		0F49BFAE2A4F568B005EF07F /* UserConnection.swift in Sources */ = {isa = PBXBuildFile; fileRef = 0F49BFAD2A4F568B005EF07F /* UserConnection.swift */; };
		0F4BB4952A76C14000E9CEDA /* DefineUserViewModel.swift in Sources */ = {isa = PBXBuildFile; fileRef = 0F4BB4942A76C14000E9CEDA /* DefineUserViewModel.swift */; };
		0F69680B2A54BCC800B8D60F /* DefineUser.swift in Sources */ = {isa = PBXBuildFile; fileRef = 0F69680A2A54BCC800B8D60F /* DefineUser.swift */; };
		0F6968132A54BD4F00B8D60F /* DefinePhoto.swift in Sources */ = {isa = PBXBuildFile; fileRef = 0F6968122A54BD4F00B8D60F /* DefinePhoto.swift */; };
		0F6968172A54BDC200B8D60F /* DefineHobies.swift in Sources */ = {isa = PBXBuildFile; fileRef = 0F6968162A54BDC200B8D60F /* DefineHobies.swift */; };
		0F8B7A732A757DE900D83269 /* BirtDayAtDay.swift in Sources */ = {isa = PBXBuildFile; fileRef = 0F8B7A722A757DE900D83269 /* BirtDayAtDay.swift */; };
		0F8B7A752A757EC800D83269 /* BirtDayAtMonth.swift in Sources */ = {isa = PBXBuildFile; fileRef = 0F8B7A742A757EC800D83269 /* BirtDayAtMonth.swift */; };
		0F8B7A772A757EDA00D83269 /* BirtDayAtYear.swift in Sources */ = {isa = PBXBuildFile; fileRef = 0F8B7A762A757EDA00D83269 /* BirtDayAtYear.swift */; };
		0F8B7A7A2A758A6100D83269 /* ListButton.swift in Sources */ = {isa = PBXBuildFile; fileRef = 0F8B7A792A758A6100D83269 /* ListButton.swift */; };
		0F8B7A7C2A758FE200D83269 /* LookSelectButton.swift in Sources */ = {isa = PBXBuildFile; fileRef = 0F8B7A7B2A758FE200D83269 /* LookSelectButton.swift */; };
		0F8B7A7F2A759D9A00D83269 /* PhotoSelectorButton.swift in Sources */ = {isa = PBXBuildFile; fileRef = 0F8B7A7E2A759D9900D83269 /* PhotoSelectorButton.swift */; };
		0FBB48612A5174DA00CB87A5 /* Profile.swift in Sources */ = {isa = PBXBuildFile; fileRef = 0FBB48602A5174DA00CB87A5 /* Profile.swift */; };
		0FBB48632A51752700CB87A5 /* RouterView.swift in Sources */ = {isa = PBXBuildFile; fileRef = 0FBB48622A51752700CB87A5 /* RouterView.swift */; };
		0FC3B8552A64446500350883 /* DefineBirthDay.swift in Sources */ = {isa = PBXBuildFile; fileRef = 0FC3B8542A64446500350883 /* DefineBirthDay.swift */; };
		0FC3B8572A64546A00350883 /* BirtDaySelection.swift in Sources */ = {isa = PBXBuildFile; fileRef = 0FC3B8562A64546A00350883 /* BirtDaySelection.swift */; };
		0FC3B8592A645BDB00350883 /* DefineGender.swift in Sources */ = {isa = PBXBuildFile; fileRef = 0FC3B8582A645BDB00350883 /* DefineGender.swift */; };
		0FC3B85B2A645E7300350883 /* DefineOrientation.swift in Sources */ = {isa = PBXBuildFile; fileRef = 0FC3B85A2A645E7300350883 /* DefineOrientation.swift */; };
		0FC3B85D2A6462A200350883 /* DefineInterested.swift in Sources */ = {isa = PBXBuildFile; fileRef = 0FC3B85C2A6462A200350883 /* DefineInterested.swift */; };
		0FC3B85F2A64643100350883 /* DefineDistance.swift in Sources */ = {isa = PBXBuildFile; fileRef = 0FC3B85E2A64643100350883 /* DefineDistance.swift */; };
		0FC3B8612A64736100350883 /* DefineLook.swift in Sources */ = {isa = PBXBuildFile; fileRef = 0FC3B8602A64736100350883 /* DefineLook.swift */; };
		0FC3B8632A64754000350883 /* DefineSchool.swift in Sources */ = {isa = PBXBuildFile; fileRef = 0FC3B8622A64754000350883 /* DefineSchool.swift */; };
		0FE48BFE2A53EA52002C9B6F /* GoogleService-Info.plist in Resources */ = {isa = PBXBuildFile; fileRef = 0FE48BFD2A53EA52002C9B6F /* GoogleService-Info.plist */; };
		0FEBB2F32A521ABD005B5C45 /* SettingsView.swift in Sources */ = {isa = PBXBuildFile; fileRef = 0FEBB2F22A521ABD005B5C45 /* SettingsView.swift */; };
/* End PBXBuildFile section */

/* Begin PBXContainerItemProxy section */
		0F49BF8A2A4F1741005EF07F /* PBXContainerItemProxy */ = {
			isa = PBXContainerItemProxy;
			containerPortal = 0F49BF5D2A4F1062005EF07F /* Project object */;
			proxyType = 1;
			remoteGlobalIDString = 0F49BF642A4F1062005EF07F;
			remoteInfo = Gender;
		};
/* End PBXContainerItemProxy section */

/* Begin PBXFileReference section */
		0F11A0192A76478000CBE0CB /* CropView.swift */ = {isa = PBXFileReference; lastKnownFileType = sourcecode.swift; path = CropView.swift; sourceTree = "<group>"; };
		0F127EE02A59F003000E681B /* DefineNames.swift */ = {isa = PBXFileReference; lastKnownFileType = sourcecode.swift; path = DefineNames.swift; sourceTree = "<group>"; };
		0F20C2B22A50399C009026D6 /* Login.swift */ = {isa = PBXFileReference; lastKnownFileType = sourcecode.swift; path = Login.swift; sourceTree = "<group>"; };
		0F20C2B42A5039A5009026D6 /* Register.swift */ = {isa = PBXFileReference; lastKnownFileType = sourcecode.swift; path = Register.swift; sourceTree = "<group>"; };
		0F20C2B62A5039F0009026D6 /* EntryView.swift */ = {isa = PBXFileReference; lastKnownFileType = sourcecode.swift; path = EntryView.swift; sourceTree = "<group>"; };
		0F20C2B82A50944F009026D6 /* GenderProgress.swift */ = {isa = PBXFileReference; lastKnownFileType = sourcecode.swift; path = GenderProgress.swift; sourceTree = "<group>"; };
		0F20C2BA2A50D76D009026D6 /* Home.swift */ = {isa = PBXFileReference; lastKnownFileType = sourcecode.swift; path = Home.swift; sourceTree = "<group>"; };
		0F49BF652A4F1062005EF07F /* Gender.app */ = {isa = PBXFileReference; explicitFileType = wrapper.application; includeInIndex = 0; path = Gender.app; sourceTree = BUILT_PRODUCTS_DIR; };
		0F49BF682A4F1062005EF07F /* GenderApp.swift */ = {isa = PBXFileReference; lastKnownFileType = sourcecode.swift; path = GenderApp.swift; sourceTree = "<group>"; };
		0F49BF6A2A4F1062005EF07F /* ContentView.swift */ = {isa = PBXFileReference; lastKnownFileType = sourcecode.swift; path = ContentView.swift; sourceTree = "<group>"; };
		0F49BF6C2A4F1063005EF07F /* Assets.xcassets */ = {isa = PBXFileReference; lastKnownFileType = folder.assetcatalog; path = Assets.xcassets; sourceTree = "<group>"; };
		0F49BF6F2A4F1063005EF07F /* Preview Assets.xcassets */ = {isa = PBXFileReference; lastKnownFileType = folder.assetcatalog; path = "Preview Assets.xcassets"; sourceTree = "<group>"; };
		0F49BF772A4F1098005EF07F /* HomeView.swift */ = {isa = PBXFileReference; lastKnownFileType = sourcecode.swift; path = HomeView.swift; sourceTree = "<group>"; };
		0F49BF7D2A4F10FB005EF07F /* GenderUser.swift */ = {isa = PBXFileReference; lastKnownFileType = sourcecode.swift; path = GenderUser.swift; sourceTree = "<group>"; };
		0F49BF802A4F1521005EF07F /* HomeViewModel.swift */ = {isa = PBXFileReference; lastKnownFileType = sourcecode.swift; path = HomeViewModel.swift; sourceTree = "<group>"; };
		0F49BF862A4F1741005EF07F /* GenderTests.xctest */ = {isa = PBXFileReference; explicitFileType = wrapper.cfbundle; includeInIndex = 0; path = GenderTests.xctest; sourceTree = BUILT_PRODUCTS_DIR; };
		0F49BF932A4F179A005EF07F /* HomeViewModelTests.swift */ = {isa = PBXFileReference; lastKnownFileType = sourcecode.swift; path = HomeViewModelTests.swift; sourceTree = "<group>"; };
		0F49BFA92A4F2402005EF07F /* UserData.swift */ = {isa = PBXFileReference; lastKnownFileType = sourcecode.swift; path = UserData.swift; sourceTree = "<group>"; };
		0F49BFAD2A4F568B005EF07F /* UserConnection.swift */ = {isa = PBXFileReference; lastKnownFileType = sourcecode.swift; path = UserConnection.swift; sourceTree = "<group>"; };
		0F4BB4942A76C14000E9CEDA /* DefineUserViewModel.swift */ = {isa = PBXFileReference; lastKnownFileType = sourcecode.swift; path = DefineUserViewModel.swift; sourceTree = "<group>"; };
		0F69680A2A54BCC800B8D60F /* DefineUser.swift */ = {isa = PBXFileReference; lastKnownFileType = sourcecode.swift; path = DefineUser.swift; sourceTree = "<group>"; };
		0F6968122A54BD4F00B8D60F /* DefinePhoto.swift */ = {isa = PBXFileReference; lastKnownFileType = sourcecode.swift; path = DefinePhoto.swift; sourceTree = "<group>"; };
		0F6968162A54BDC200B8D60F /* DefineHobies.swift */ = {isa = PBXFileReference; lastKnownFileType = sourcecode.swift; path = DefineHobies.swift; sourceTree = "<group>"; };
		0F8B7A722A757DE900D83269 /* BirtDayAtDay.swift */ = {isa = PBXFileReference; lastKnownFileType = sourcecode.swift; path = BirtDayAtDay.swift; sourceTree = "<group>"; };
		0F8B7A742A757EC800D83269 /* BirtDayAtMonth.swift */ = {isa = PBXFileReference; lastKnownFileType = sourcecode.swift; path = BirtDayAtMonth.swift; sourceTree = "<group>"; };
		0F8B7A762A757EDA00D83269 /* BirtDayAtYear.swift */ = {isa = PBXFileReference; lastKnownFileType = sourcecode.swift; path = BirtDayAtYear.swift; sourceTree = "<group>"; };
		0F8B7A792A758A6100D83269 /* ListButton.swift */ = {isa = PBXFileReference; lastKnownFileType = sourcecode.swift; path = ListButton.swift; sourceTree = "<group>"; };
		0F8B7A7B2A758FE200D83269 /* LookSelectButton.swift */ = {isa = PBXFileReference; lastKnownFileType = sourcecode.swift; path = LookSelectButton.swift; sourceTree = "<group>"; };
		0F8B7A7D2A75989200D83269 /* Info.plist */ = {isa = PBXFileReference; lastKnownFileType = text.plist; path = Info.plist; sourceTree = "<group>"; };
		0F8B7A7E2A759D9900D83269 /* PhotoSelectorButton.swift */ = {isa = PBXFileReference; lastKnownFileType = sourcecode.swift; path = PhotoSelectorButton.swift; sourceTree = "<group>"; };
		0FBB48602A5174DA00CB87A5 /* Profile.swift */ = {isa = PBXFileReference; lastKnownFileType = sourcecode.swift; path = Profile.swift; sourceTree = "<group>"; };
		0FBB48622A51752700CB87A5 /* RouterView.swift */ = {isa = PBXFileReference; lastKnownFileType = sourcecode.swift; path = RouterView.swift; sourceTree = "<group>"; };
		0FC3B8542A64446500350883 /* DefineBirthDay.swift */ = {isa = PBXFileReference; lastKnownFileType = sourcecode.swift; path = DefineBirthDay.swift; sourceTree = "<group>"; };
		0FC3B8562A64546A00350883 /* BirtDaySelection.swift */ = {isa = PBXFileReference; lastKnownFileType = sourcecode.swift; path = BirtDaySelection.swift; sourceTree = "<group>"; };
		0FC3B8582A645BDB00350883 /* DefineGender.swift */ = {isa = PBXFileReference; lastKnownFileType = sourcecode.swift; path = DefineGender.swift; sourceTree = "<group>"; };
		0FC3B85A2A645E7300350883 /* DefineOrientation.swift */ = {isa = PBXFileReference; lastKnownFileType = sourcecode.swift; path = DefineOrientation.swift; sourceTree = "<group>"; };
		0FC3B85C2A6462A200350883 /* DefineInterested.swift */ = {isa = PBXFileReference; lastKnownFileType = sourcecode.swift; path = DefineInterested.swift; sourceTree = "<group>"; };
		0FC3B85E2A64643100350883 /* DefineDistance.swift */ = {isa = PBXFileReference; lastKnownFileType = sourcecode.swift; path = DefineDistance.swift; sourceTree = "<group>"; };
		0FC3B8602A64736100350883 /* DefineLook.swift */ = {isa = PBXFileReference; lastKnownFileType = sourcecode.swift; path = DefineLook.swift; sourceTree = "<group>"; };
		0FC3B8622A64754000350883 /* DefineSchool.swift */ = {isa = PBXFileReference; lastKnownFileType = sourcecode.swift; path = DefineSchool.swift; sourceTree = "<group>"; };
		0FE48BFD2A53EA52002C9B6F /* GoogleService-Info.plist */ = {isa = PBXFileReference; fileEncoding = 4; lastKnownFileType = text.plist.xml; path = "GoogleService-Info.plist"; sourceTree = "<group>"; };
		0FEBB2F22A521ABD005B5C45 /* SettingsView.swift */ = {isa = PBXFileReference; lastKnownFileType = sourcecode.swift; path = SettingsView.swift; sourceTree = "<group>"; };
/* End PBXFileReference section */

/* Begin PBXFrameworksBuildPhase section */
		0F49BF622A4F1062005EF07F /* Frameworks */ = {
			isa = PBXFrameworksBuildPhase;
			buildActionMask = 2147483647;
			files = (
				0F49BFA42A4F1F64005EF07F /* FirebaseAuth in Frameworks */,
				0F49BFA62A4F1F64005EF07F /* FirebaseFirestore in Frameworks */,
				0F49BFA82A4F1F64005EF07F /* FirebaseStorage in Frameworks */,
			);
			runOnlyForDeploymentPostprocessing = 0;
		};
		0F49BF832A4F1741005EF07F /* Frameworks */ = {
			isa = PBXFrameworksBuildPhase;
			buildActionMask = 2147483647;
			files = (
			);
			runOnlyForDeploymentPostprocessing = 0;
		};
/* End PBXFrameworksBuildPhase section */

/* Begin PBXGroup section */
		0F20C2B12A50391C009026D6 /* Helper */ = {
			isa = PBXGroup;
			children = (
				0F20C2B22A50399C009026D6 /* Login.swift */,
				0F20C2B42A5039A5009026D6 /* Register.swift */,
				0F20C2B82A50944F009026D6 /* GenderProgress.swift */,
				0F20C2BA2A50D76D009026D6 /* Home.swift */,
				0FBB48602A5174DA00CB87A5 /* Profile.swift */,
			);
			path = Helper;
			sourceTree = "<group>";
		};
		0F49BF5C2A4F1062005EF07F = {
			isa = PBXGroup;
			children = (
				0F49BF672A4F1062005EF07F /* Gender */,
				0F49BF872A4F1741005EF07F /* GenderTests */,
				0F49BF662A4F1062005EF07F /* Products */,
			);
			sourceTree = "<group>";
		};
		0F49BF662A4F1062005EF07F /* Products */ = {
			isa = PBXGroup;
			children = (
				0F49BF652A4F1062005EF07F /* Gender.app */,
				0F49BF862A4F1741005EF07F /* GenderTests.xctest */,
			);
			name = Products;
			sourceTree = "<group>";
		};
		0F49BF672A4F1062005EF07F /* Gender */ = {
			isa = PBXGroup;
			children = (
				0F8B7A7D2A75989200D83269 /* Info.plist */,
				0F49BF7F2A4F1477005EF07F /* Services */,
				0F49BF7B2A4F10C6005EF07F /* ViewModel */,
				0F49BF7C2A4F10CD005EF07F /* Model */,
				0F49BF762A4F108B005EF07F /* View */,
				0F49BF682A4F1062005EF07F /* GenderApp.swift */,
				0F49BF6A2A4F1062005EF07F /* ContentView.swift */,
				0F49BF6C2A4F1063005EF07F /* Assets.xcassets */,
				0FE48BFD2A53EA52002C9B6F /* GoogleService-Info.plist */,
				0F49BF6E2A4F1063005EF07F /* Preview Content */,
			);
			path = Gender;
			sourceTree = "<group>";
		};
		0F49BF6E2A4F1063005EF07F /* Preview Content */ = {
			isa = PBXGroup;
			children = (
				0F49BF6F2A4F1063005EF07F /* Preview Assets.xcassets */,
			);
			path = "Preview Content";
			sourceTree = "<group>";
		};
		0F49BF762A4F108B005EF07F /* View */ = {
			isa = PBXGroup;
			children = (
				0F69680C2A54BCD000B8D60F /* DefineUser */,
				0F20C2B12A50391C009026D6 /* Helper */,
				0F49BF772A4F1098005EF07F /* HomeView.swift */,
				0F20C2B62A5039F0009026D6 /* EntryView.swift */,
				0FBB48622A51752700CB87A5 /* RouterView.swift */,
				0FEBB2F22A521ABD005B5C45 /* SettingsView.swift */,
			);
			path = View;
			sourceTree = "<group>";
		};
		0F49BF7B2A4F10C6005EF07F /* ViewModel */ = {
			isa = PBXGroup;
			children = (
				0F49BF802A4F1521005EF07F /* HomeViewModel.swift */,
				0F4BB4942A76C14000E9CEDA /* DefineUserViewModel.swift */,
			);
			path = ViewModel;
			sourceTree = "<group>";
		};
		0F49BF7C2A4F10CD005EF07F /* Model */ = {
			isa = PBXGroup;
			children = (
				0F49BF7D2A4F10FB005EF07F /* GenderUser.swift */,
			);
			path = Model;
			sourceTree = "<group>";
		};
		0F49BF7F2A4F1477005EF07F /* Services */ = {
			isa = PBXGroup;
			children = (
				0F49BFA92A4F2402005EF07F /* UserData.swift */,
				0F49BFAD2A4F568B005EF07F /* UserConnection.swift */,
			);
			path = Services;
			sourceTree = "<group>";
		};
		0F49BF872A4F1741005EF07F /* GenderTests */ = {
			isa = PBXGroup;
			children = (
				0F49BF8F2A4F1753005EF07F /* ViewModel */,
			);
			path = GenderTests;
			sourceTree = "<group>";
		};
		0F49BF8F2A4F1753005EF07F /* ViewModel */ = {
			isa = PBXGroup;
			children = (
				0F49BF932A4F179A005EF07F /* HomeViewModelTests.swift */,
			);
			path = ViewModel;
			sourceTree = "<group>";
		};
		0F69680C2A54BCD000B8D60F /* DefineUser */ = {
			isa = PBXGroup;
			children = (
				0F6968112A54BCFF00B8D60F /* Helper */,
				0F69680A2A54BCC800B8D60F /* DefineUser.swift */,
			);
			path = DefineUser;
			sourceTree = "<group>";
		};
		0F6968112A54BCFF00B8D60F /* Helper */ = {
			isa = PBXGroup;
			children = (
				0F8B7A782A758A2E00D83269 /* Helper */,
				0F127EE02A59F003000E681B /* DefineNames.swift */,
				0FC3B8542A64446500350883 /* DefineBirthDay.swift */,
				0FC3B8582A645BDB00350883 /* DefineGender.swift */,
				0FC3B85A2A645E7300350883 /* DefineOrientation.swift */,
				0FC3B85C2A6462A200350883 /* DefineInterested.swift */,
				0FC3B85E2A64643100350883 /* DefineDistance.swift */,
				0FC3B8602A64736100350883 /* DefineLook.swift */,
				0FC3B8622A64754000350883 /* DefineSchool.swift */,
				0F6968162A54BDC200B8D60F /* DefineHobies.swift */,
				0F6968122A54BD4F00B8D60F /* DefinePhoto.swift */,
			);
			path = Helper;
			sourceTree = "<group>";
		};
		0F8B7A782A758A2E00D83269 /* Helper */ = {
			isa = PBXGroup;
			children = (
				0FC3B8562A64546A00350883 /* BirtDaySelection.swift */,
				0F8B7A722A757DE900D83269 /* BirtDayAtDay.swift */,
				0F8B7A742A757EC800D83269 /* BirtDayAtMonth.swift */,
				0F8B7A762A757EDA00D83269 /* BirtDayAtYear.swift */,
				0F8B7A792A758A6100D83269 /* ListButton.swift */,
				0F8B7A7B2A758FE200D83269 /* LookSelectButton.swift */,
				0F8B7A7E2A759D9900D83269 /* PhotoSelectorButton.swift */,
				0F11A0192A76478000CBE0CB /* CropView.swift */,
			);
			path = Helper;
			sourceTree = "<group>";
		};
/* End PBXGroup section */

/* Begin PBXNativeTarget section */
		0F49BF642A4F1062005EF07F /* Gender */ = {
			isa = PBXNativeTarget;
			buildConfigurationList = 0F49BF732A4F1063005EF07F /* Build configuration list for PBXNativeTarget "Gender" */;
			buildPhases = (
				0F49BF612A4F1062005EF07F /* Sources */,
				0F49BF622A4F1062005EF07F /* Frameworks */,
				0F49BF632A4F1062005EF07F /* Resources */,
			);
			buildRules = (
			);
			dependencies = (
			);
			name = Gender;
			packageProductDependencies = (
				0F49BFA32A4F1F64005EF07F /* FirebaseAuth */,
				0F49BFA52A4F1F64005EF07F /* FirebaseFirestore */,
				0F49BFA72A4F1F64005EF07F /* FirebaseStorage */,
			);
			productName = Gender;
			productReference = 0F49BF652A4F1062005EF07F /* Gender.app */;
			productType = "com.apple.product-type.application";
		};
		0F49BF852A4F1741005EF07F /* GenderTests */ = {
			isa = PBXNativeTarget;
			buildConfigurationList = 0F49BF8C2A4F1741005EF07F /* Build configuration list for PBXNativeTarget "GenderTests" */;
			buildPhases = (
				0F49BF822A4F1741005EF07F /* Sources */,
				0F49BF832A4F1741005EF07F /* Frameworks */,
				0F49BF842A4F1741005EF07F /* Resources */,
			);
			buildRules = (
			);
			dependencies = (
				0F49BF8B2A4F1741005EF07F /* PBXTargetDependency */,
			);
			name = GenderTests;
			productName = GenderTests;
			productReference = 0F49BF862A4F1741005EF07F /* GenderTests.xctest */;
			productType = "com.apple.product-type.bundle.unit-test";
		};
/* End PBXNativeTarget section */

/* Begin PBXProject section */
		0F49BF5D2A4F1062005EF07F /* Project object */ = {
			isa = PBXProject;
			attributes = {
				BuildIndependentTargetsInParallel = 1;
				LastSwiftUpdateCheck = 1430;
				LastUpgradeCheck = 1430;
				TargetAttributes = {
					0F49BF642A4F1062005EF07F = {
						CreatedOnToolsVersion = 14.3.1;
					};
					0F49BF852A4F1741005EF07F = {
						CreatedOnToolsVersion = 14.3.1;
						LastSwiftMigration = 1430;
						TestTargetID = 0F49BF642A4F1062005EF07F;
					};
				};
			};
			buildConfigurationList = 0F49BF602A4F1062005EF07F /* Build configuration list for PBXProject "Gender" */;
			compatibilityVersion = "Xcode 14.0";
			developmentRegion = en;
			hasScannedForEncodings = 0;
			knownRegions = (
				en,
				Base,
			);
			mainGroup = 0F49BF5C2A4F1062005EF07F;
			packageReferences = (
				0F49BFA22A4F1F64005EF07F /* XCRemoteSwiftPackageReference "firebase-ios-sdk" */,
			);
			productRefGroup = 0F49BF662A4F1062005EF07F /* Products */;
			projectDirPath = "";
			projectRoot = "";
			targets = (
				0F49BF642A4F1062005EF07F /* Gender */,
				0F49BF852A4F1741005EF07F /* GenderTests */,
			);
		};
/* End PBXProject section */

/* Begin PBXResourcesBuildPhase section */
		0F49BF632A4F1062005EF07F /* Resources */ = {
			isa = PBXResourcesBuildPhase;
			buildActionMask = 2147483647;
			files = (
				0F49BF702A4F1063005EF07F /* Preview Assets.xcassets in Resources */,
				0F49BF6D2A4F1063005EF07F /* Assets.xcassets in Resources */,
				0FE48BFE2A53EA52002C9B6F /* GoogleService-Info.plist in Resources */,
			);
			runOnlyForDeploymentPostprocessing = 0;
		};
		0F49BF842A4F1741005EF07F /* Resources */ = {
			isa = PBXResourcesBuildPhase;
			buildActionMask = 2147483647;
			files = (
			);
			runOnlyForDeploymentPostprocessing = 0;
		};
/* End PBXResourcesBuildPhase section */

/* Begin PBXSourcesBuildPhase section */
		0F49BF612A4F1062005EF07F /* Sources */ = {
			isa = PBXSourcesBuildPhase;
			buildActionMask = 2147483647;
			files = (
				0F8B7A7A2A758A6100D83269 /* ListButton.swift in Sources */,
				0FC3B8632A64754000350883 /* DefineSchool.swift in Sources */,
				0F8B7A7C2A758FE200D83269 /* LookSelectButton.swift in Sources */,
				0FEBB2F32A521ABD005B5C45 /* SettingsView.swift in Sources */,
				0F49BF812A4F1521005EF07F /* HomeViewModel.swift in Sources */,
				0F49BF782A4F1098005EF07F /* HomeView.swift in Sources */,
				0F49BF6B2A4F1062005EF07F /* ContentView.swift in Sources */,
				0FBB48612A5174DA00CB87A5 /* Profile.swift in Sources */,
				0F4BB4952A76C14000E9CEDA /* DefineUserViewModel.swift in Sources */,
				0F8B7A7F2A759D9A00D83269 /* PhotoSelectorButton.swift in Sources */,
				0F127EE12A59F003000E681B /* DefineNames.swift in Sources */,
				0FC3B85D2A6462A200350883 /* DefineInterested.swift in Sources */,
				0F69680B2A54BCC800B8D60F /* DefineUser.swift in Sources */,
				0F20C2B52A5039A5009026D6 /* Register.swift in Sources */,
				0FC3B85B2A645E7300350883 /* DefineOrientation.swift in Sources */,
				0F20C2B92A50944F009026D6 /* GenderProgress.swift in Sources */,
				0F6968132A54BD4F00B8D60F /* DefinePhoto.swift in Sources */,
				0F20C2BB2A50D76D009026D6 /* Home.swift in Sources */,
				0F8B7A752A757EC800D83269 /* BirtDayAtMonth.swift in Sources */,
				0FC3B8572A64546A00350883 /* BirtDaySelection.swift in Sources */,
				0F49BFAA2A4F2402005EF07F /* UserData.swift in Sources */,
				0F49BF7E2A4F10FB005EF07F /* GenderUser.swift in Sources */,
				0FBB48632A51752700CB87A5 /* RouterView.swift in Sources */,
				0F20C2B32A50399C009026D6 /* Login.swift in Sources */,
				0F11A01A2A76478000CBE0CB /* CropView.swift in Sources */,
				0FC3B8592A645BDB00350883 /* DefineGender.swift in Sources */,
				0F8B7A732A757DE900D83269 /* BirtDayAtDay.swift in Sources */,
				0FC3B8552A64446500350883 /* DefineBirthDay.swift in Sources */,
				0F49BFAE2A4F568B005EF07F /* UserConnection.swift in Sources */,
				0F49BF692A4F1062005EF07F /* GenderApp.swift in Sources */,
				0FC3B85F2A64643100350883 /* DefineDistance.swift in Sources */,
				0F8B7A772A757EDA00D83269 /* BirtDayAtYear.swift in Sources */,
				0F6968172A54BDC200B8D60F /* DefineHobies.swift in Sources */,
				0F20C2B72A5039F0009026D6 /* EntryView.swift in Sources */,
				0FC3B8612A64736100350883 /* DefineLook.swift in Sources */,
			);
			runOnlyForDeploymentPostprocessing = 0;
		};
		0F49BF822A4F1741005EF07F /* Sources */ = {
			isa = PBXSourcesBuildPhase;
			buildActionMask = 2147483647;
			files = (
				0F49BF942A4F179A005EF07F /* HomeViewModelTests.swift in Sources */,
			);
			runOnlyForDeploymentPostprocessing = 0;
		};
/* End PBXSourcesBuildPhase section */

/* Begin PBXTargetDependency section */
		0F49BF8B2A4F1741005EF07F /* PBXTargetDependency */ = {
			isa = PBXTargetDependency;
			target = 0F49BF642A4F1062005EF07F /* Gender */;
			targetProxy = 0F49BF8A2A4F1741005EF07F /* PBXContainerItemProxy */;
		};
/* End PBXTargetDependency section */

/* Begin XCBuildConfiguration section */
		0F49BF712A4F1063005EF07F /* Debug */ = {
			isa = XCBuildConfiguration;
			buildSettings = {
				ALWAYS_SEARCH_USER_PATHS = NO;
				CLANG_ANALYZER_NONNULL = YES;
				CLANG_ANALYZER_NUMBER_OBJECT_CONVERSION = YES_AGGRESSIVE;
				CLANG_CXX_LANGUAGE_STANDARD = "gnu++20";
				CLANG_ENABLE_MODULES = YES;
				CLANG_ENABLE_OBJC_ARC = YES;
				CLANG_ENABLE_OBJC_WEAK = YES;
				CLANG_WARN_BLOCK_CAPTURE_AUTORELEASING = YES;
				CLANG_WARN_BOOL_CONVERSION = YES;
				CLANG_WARN_COMMA = YES;
				CLANG_WARN_CONSTANT_CONVERSION = YES;
				CLANG_WARN_DEPRECATED_OBJC_IMPLEMENTATIONS = YES;
				CLANG_WARN_DIRECT_OBJC_ISA_USAGE = YES_ERROR;
				CLANG_WARN_DOCUMENTATION_COMMENTS = YES;
				CLANG_WARN_EMPTY_BODY = YES;
				CLANG_WARN_ENUM_CONVERSION = YES;
				CLANG_WARN_INFINITE_RECURSION = YES;
				CLANG_WARN_INT_CONVERSION = YES;
				CLANG_WARN_NON_LITERAL_NULL_CONVERSION = YES;
				CLANG_WARN_OBJC_IMPLICIT_RETAIN_SELF = YES;
				CLANG_WARN_OBJC_LITERAL_CONVERSION = YES;
				CLANG_WARN_OBJC_ROOT_CLASS = YES_ERROR;
				CLANG_WARN_QUOTED_INCLUDE_IN_FRAMEWORK_HEADER = YES;
				CLANG_WARN_RANGE_LOOP_ANALYSIS = YES;
				CLANG_WARN_STRICT_PROTOTYPES = YES;
				CLANG_WARN_SUSPICIOUS_MOVE = YES;
				CLANG_WARN_UNGUARDED_AVAILABILITY = YES_AGGRESSIVE;
				CLANG_WARN_UNREACHABLE_CODE = YES;
				CLANG_WARN__DUPLICATE_METHOD_MATCH = YES;
				COPY_PHASE_STRIP = NO;
				DEBUG_INFORMATION_FORMAT = dwarf;
				ENABLE_STRICT_OBJC_MSGSEND = YES;
				ENABLE_TESTABILITY = YES;
				GCC_C_LANGUAGE_STANDARD = gnu11;
				GCC_DYNAMIC_NO_PIC = NO;
				GCC_NO_COMMON_BLOCKS = YES;
				GCC_OPTIMIZATION_LEVEL = 0;
				GCC_PREPROCESSOR_DEFINITIONS = (
					"DEBUG=1",
					"$(inherited)",
				);
				GCC_WARN_64_TO_32_BIT_CONVERSION = YES;
				GCC_WARN_ABOUT_RETURN_TYPE = YES_ERROR;
				GCC_WARN_UNDECLARED_SELECTOR = YES;
				GCC_WARN_UNINITIALIZED_AUTOS = YES_AGGRESSIVE;
				GCC_WARN_UNUSED_FUNCTION = YES;
				GCC_WARN_UNUSED_VARIABLE = YES;
				IPHONEOS_DEPLOYMENT_TARGET = 16.4;
				MTL_ENABLE_DEBUG_INFO = INCLUDE_SOURCE;
				MTL_FAST_MATH = YES;
				ONLY_ACTIVE_ARCH = YES;
				SDKROOT = iphoneos;
				SWIFT_ACTIVE_COMPILATION_CONDITIONS = DEBUG;
				SWIFT_OPTIMIZATION_LEVEL = "-Onone";
			};
			name = Debug;
		};
		0F49BF722A4F1063005EF07F /* Release */ = {
			isa = XCBuildConfiguration;
			buildSettings = {
				ALWAYS_SEARCH_USER_PATHS = NO;
				CLANG_ANALYZER_NONNULL = YES;
				CLANG_ANALYZER_NUMBER_OBJECT_CONVERSION = YES_AGGRESSIVE;
				CLANG_CXX_LANGUAGE_STANDARD = "gnu++20";
				CLANG_ENABLE_MODULES = YES;
				CLANG_ENABLE_OBJC_ARC = YES;
				CLANG_ENABLE_OBJC_WEAK = YES;
				CLANG_WARN_BLOCK_CAPTURE_AUTORELEASING = YES;
				CLANG_WARN_BOOL_CONVERSION = YES;
				CLANG_WARN_COMMA = YES;
				CLANG_WARN_CONSTANT_CONVERSION = YES;
				CLANG_WARN_DEPRECATED_OBJC_IMPLEMENTATIONS = YES;
				CLANG_WARN_DIRECT_OBJC_ISA_USAGE = YES_ERROR;
				CLANG_WARN_DOCUMENTATION_COMMENTS = YES;
				CLANG_WARN_EMPTY_BODY = YES;
				CLANG_WARN_ENUM_CONVERSION = YES;
				CLANG_WARN_INFINITE_RECURSION = YES;
				CLANG_WARN_INT_CONVERSION = YES;
				CLANG_WARN_NON_LITERAL_NULL_CONVERSION = YES;
				CLANG_WARN_OBJC_IMPLICIT_RETAIN_SELF = YES;
				CLANG_WARN_OBJC_LITERAL_CONVERSION = YES;
				CLANG_WARN_OBJC_ROOT_CLASS = YES_ERROR;
				CLANG_WARN_QUOTED_INCLUDE_IN_FRAMEWORK_HEADER = YES;
				CLANG_WARN_RANGE_LOOP_ANALYSIS = YES;
				CLANG_WARN_STRICT_PROTOTYPES = YES;
				CLANG_WARN_SUSPICIOUS_MOVE = YES;
				CLANG_WARN_UNGUARDED_AVAILABILITY = YES_AGGRESSIVE;
				CLANG_WARN_UNREACHABLE_CODE = YES;
				CLANG_WARN__DUPLICATE_METHOD_MATCH = YES;
				COPY_PHASE_STRIP = NO;
				DEBUG_INFORMATION_FORMAT = "dwarf-with-dsym";
				ENABLE_NS_ASSERTIONS = NO;
				ENABLE_STRICT_OBJC_MSGSEND = YES;
				GCC_C_LANGUAGE_STANDARD = gnu11;
				GCC_NO_COMMON_BLOCKS = YES;
				GCC_WARN_64_TO_32_BIT_CONVERSION = YES;
				GCC_WARN_ABOUT_RETURN_TYPE = YES_ERROR;
				GCC_WARN_UNDECLARED_SELECTOR = YES;
				GCC_WARN_UNINITIALIZED_AUTOS = YES_AGGRESSIVE;
				GCC_WARN_UNUSED_FUNCTION = YES;
				GCC_WARN_UNUSED_VARIABLE = YES;
				IPHONEOS_DEPLOYMENT_TARGET = 16.4;
				MTL_ENABLE_DEBUG_INFO = NO;
				MTL_FAST_MATH = YES;
				SDKROOT = iphoneos;
				SWIFT_COMPILATION_MODE = wholemodule;
				SWIFT_OPTIMIZATION_LEVEL = "-O";
				VALIDATE_PRODUCT = YES;
			};
			name = Release;
		};
		0F49BF742A4F1063005EF07F /* Debug */ = {
			isa = XCBuildConfiguration;
			buildSettings = {
				ASSETCATALOG_COMPILER_APPICON_NAME = AppIcon;
				ASSETCATALOG_COMPILER_GLOBAL_ACCENT_COLOR_NAME = AccentColor;
				CODE_SIGN_STYLE = Automatic;
				CURRENT_PROJECT_VERSION = 1;
				DEVELOPMENT_ASSET_PATHS = "\"Gender/Preview Content\"";
				DEVELOPMENT_TEAM = H6YXW4WBS6;
				ENABLE_PREVIEWS = YES;
				GENERATE_INFOPLIST_FILE = YES;
				INFOPLIST_FILE = Gender/Info.plist;
				INFOPLIST_KEY_NSPhotoLibraryUsageDescription = "\"Use for Match\"";
				INFOPLIST_KEY_UIApplicationSceneManifest_Generation = YES;
				INFOPLIST_KEY_UIApplicationSupportsIndirectInputEvents = YES;
				INFOPLIST_KEY_UILaunchScreen_Generation = YES;
				INFOPLIST_KEY_UISupportedInterfaceOrientations_iPad = "UIInterfaceOrientationPortrait UIInterfaceOrientationPortraitUpsideDown UIInterfaceOrientationLandscapeLeft UIInterfaceOrientationLandscapeRight";
				INFOPLIST_KEY_UISupportedInterfaceOrientations_iPhone = "UIInterfaceOrientationPortrait UIInterfaceOrientationLandscapeLeft UIInterfaceOrientationLandscapeRight";
				LD_RUNPATH_SEARCH_PATHS = (
					"$(inherited)",
					"@executable_path/Frameworks",
				);
				MARKETING_VERSION = 1.0;
				PRODUCT_BUNDLE_IDENTIFIER = devibrahimglr.Gender;
				PRODUCT_NAME = "$(TARGET_NAME)";
				SWIFT_EMIT_LOC_STRINGS = YES;
				SWIFT_VERSION = 5.0;
				TARGETED_DEVICE_FAMILY = "1,2";
			};
			name = Debug;
		};
		0F49BF752A4F1063005EF07F /* Release */ = {
			isa = XCBuildConfiguration;
			buildSettings = {
				ASSETCATALOG_COMPILER_APPICON_NAME = AppIcon;
				ASSETCATALOG_COMPILER_GLOBAL_ACCENT_COLOR_NAME = AccentColor;
				CODE_SIGN_STYLE = Automatic;
				CURRENT_PROJECT_VERSION = 1;
				DEVELOPMENT_ASSET_PATHS = "\"Gender/Preview Content\"";
				DEVELOPMENT_TEAM = H6YXW4WBS6;
				ENABLE_PREVIEWS = YES;
				GENERATE_INFOPLIST_FILE = YES;
				INFOPLIST_FILE = Gender/Info.plist;
				INFOPLIST_KEY_NSPhotoLibraryUsageDescription = "\"Use for Match\"";
				INFOPLIST_KEY_UIApplicationSceneManifest_Generation = YES;
				INFOPLIST_KEY_UIApplicationSupportsIndirectInputEvents = YES;
				INFOPLIST_KEY_UILaunchScreen_Generation = YES;
				INFOPLIST_KEY_UISupportedInterfaceOrientations_iPad = "UIInterfaceOrientationPortrait UIInterfaceOrientationPortraitUpsideDown UIInterfaceOrientationLandscapeLeft UIInterfaceOrientationLandscapeRight";
				INFOPLIST_KEY_UISupportedInterfaceOrientations_iPhone = "UIInterfaceOrientationPortrait UIInterfaceOrientationLandscapeLeft UIInterfaceOrientationLandscapeRight";
				LD_RUNPATH_SEARCH_PATHS = (
					"$(inherited)",
					"@executable_path/Frameworks",
				);
				MARKETING_VERSION = 1.0;
				PRODUCT_BUNDLE_IDENTIFIER = devibrahimglr.Gender;
				PRODUCT_NAME = "$(TARGET_NAME)";
				SWIFT_EMIT_LOC_STRINGS = YES;
				SWIFT_VERSION = 5.0;
				TARGETED_DEVICE_FAMILY = "1,2";
			};
			name = Release;
		};
		0F49BF8D2A4F1741005EF07F /* Debug */ = {
			isa = XCBuildConfiguration;
			buildSettings = {
				BUNDLE_LOADER = "$(TEST_HOST)";
				CLANG_ENABLE_MODULES = YES;
				CODE_SIGN_STYLE = Automatic;
				CURRENT_PROJECT_VERSION = 1;
				DEVELOPMENT_TEAM = H6YXW4WBS6;
				GENERATE_INFOPLIST_FILE = YES;
				MARKETING_VERSION = 1.0;
				PRODUCT_BUNDLE_IDENTIFIER = devibrahimglr.GenderTests;
				PRODUCT_NAME = "$(TARGET_NAME)";
				SWIFT_EMIT_LOC_STRINGS = NO;
				SWIFT_OBJC_BRIDGING_HEADER = "GenderTests/ViewModel/GenderTests-Bridging-Header.h";
				SWIFT_OPTIMIZATION_LEVEL = "-Onone";
				SWIFT_VERSION = 5.0;
				TARGETED_DEVICE_FAMILY = "1,2";
				TEST_HOST = "$(BUILT_PRODUCTS_DIR)/Gender.app/$(BUNDLE_EXECUTABLE_FOLDER_PATH)/Gender";
			};
			name = Debug;
		};
		0F49BF8E2A4F1741005EF07F /* Release */ = {
			isa = XCBuildConfiguration;
			buildSettings = {
				BUNDLE_LOADER = "$(TEST_HOST)";
				CLANG_ENABLE_MODULES = YES;
				CODE_SIGN_STYLE = Automatic;
				CURRENT_PROJECT_VERSION = 1;
				DEVELOPMENT_TEAM = H6YXW4WBS6;
				GENERATE_INFOPLIST_FILE = YES;
				MARKETING_VERSION = 1.0;
				PRODUCT_BUNDLE_IDENTIFIER = devibrahimglr.GenderTests;
				PRODUCT_NAME = "$(TARGET_NAME)";
				SWIFT_EMIT_LOC_STRINGS = NO;
				SWIFT_OBJC_BRIDGING_HEADER = "GenderTests/ViewModel/GenderTests-Bridging-Header.h";
				SWIFT_VERSION = 5.0;
				TARGETED_DEVICE_FAMILY = "1,2";
				TEST_HOST = "$(BUILT_PRODUCTS_DIR)/Gender.app/$(BUNDLE_EXECUTABLE_FOLDER_PATH)/Gender";
			};
			name = Release;
		};
/* End XCBuildConfiguration section */

/* Begin XCConfigurationList section */
		0F49BF602A4F1062005EF07F /* Build configuration list for PBXProject "Gender" */ = {
			isa = XCConfigurationList;
			buildConfigurations = (
				0F49BF712A4F1063005EF07F /* Debug */,
				0F49BF722A4F1063005EF07F /* Release */,
			);
			defaultConfigurationIsVisible = 0;
			defaultConfigurationName = Release;
		};
		0F49BF732A4F1063005EF07F /* Build configuration list for PBXNativeTarget "Gender" */ = {
			isa = XCConfigurationList;
			buildConfigurations = (
				0F49BF742A4F1063005EF07F /* Debug */,
				0F49BF752A4F1063005EF07F /* Release */,
			);
			defaultConfigurationIsVisible = 0;
			defaultConfigurationName = Release;
		};
		0F49BF8C2A4F1741005EF07F /* Build configuration list for PBXNativeTarget "GenderTests" */ = {
			isa = XCConfigurationList;
			buildConfigurations = (
				0F49BF8D2A4F1741005EF07F /* Debug */,
				0F49BF8E2A4F1741005EF07F /* Release */,
			);
			defaultConfigurationIsVisible = 0;
			defaultConfigurationName = Release;
		};
/* End XCConfigurationList section */

/* Begin XCRemoteSwiftPackageReference section */
		0F49BFA22A4F1F64005EF07F /* XCRemoteSwiftPackageReference "firebase-ios-sdk" */ = {
			isa = XCRemoteSwiftPackageReference;
			repositoryURL = "https://github.com/firebase/firebase-ios-sdk";
			requirement = {
				kind = upToNextMajorVersion;
				minimumVersion = 10.0.0;
			};
		};
/* End XCRemoteSwiftPackageReference section */

/* Begin XCSwiftPackageProductDependency section */
		0F49BFA32A4F1F64005EF07F /* FirebaseAuth */ = {
			isa = XCSwiftPackageProductDependency;
			package = 0F49BFA22A4F1F64005EF07F /* XCRemoteSwiftPackageReference "firebase-ios-sdk" */;
			productName = FirebaseAuth;
		};
		0F49BFA52A4F1F64005EF07F /* FirebaseFirestore */ = {
			isa = XCSwiftPackageProductDependency;
			package = 0F49BFA22A4F1F64005EF07F /* XCRemoteSwiftPackageReference "firebase-ios-sdk" */;
			productName = FirebaseFirestore;
		};
		0F49BFA72A4F1F64005EF07F /* FirebaseStorage */ = {
			isa = XCSwiftPackageProductDependency;
			package = 0F49BFA22A4F1F64005EF07F /* XCRemoteSwiftPackageReference "firebase-ios-sdk" */;
			productName = FirebaseStorage;
		};
/* End XCSwiftPackageProductDependency section */
	};
	rootObject = 0F49BF5D2A4F1062005EF07F /* Project object */;
}
